// !$*UTF8*$!
{
	archiveVersion = 1;
	classes = {
	};
	objectVersion = 46;
	objects = {

/* Begin PBXBuildFile section */
		E90017F8180318BD0095EA8C /* Foundation.framework in Frameworks */ = {isa = PBXBuildFile; fileRef = E90017F7180318BD0095EA8C /* Foundation.framework */; };
		E90017FA180318BD0095EA8C /* CoreGraphics.framework in Frameworks */ = {isa = PBXBuildFile; fileRef = E90017F9180318BD0095EA8C /* CoreGraphics.framework */; };
		E90017FC180318BD0095EA8C /* UIKit.framework in Frameworks */ = {isa = PBXBuildFile; fileRef = E90017FB180318BD0095EA8C /* UIKit.framework */; };
		E9001802180318BD0095EA8C /* InfoPlist.strings in Resources */ = {isa = PBXBuildFile; fileRef = E9001800180318BD0095EA8C /* InfoPlist.strings */; };
		E9001804180318BD0095EA8C /* main.m in Sources */ = {isa = PBXBuildFile; fileRef = E9001803180318BD0095EA8C /* main.m */; };
		E9001808180318BD0095EA8C /* AppDelegate.m in Sources */ = {isa = PBXBuildFile; fileRef = E9001807180318BD0095EA8C /* AppDelegate.m */; };
		E900180B180318BD0095EA8C /* Main.storyboard in Resources */ = {isa = PBXBuildFile; fileRef = E9001809180318BD0095EA8C /* Main.storyboard */; };
		E900180E180318BD0095EA8C /* ViewController.m in Sources */ = {isa = PBXBuildFile; fileRef = E900180D180318BD0095EA8C /* ViewController.m */; };
		E9001810180318BD0095EA8C /* Images.xcassets in Resources */ = {isa = PBXBuildFile; fileRef = E900180F180318BD0095EA8C /* Images.xcassets */; };
		E9001817180318BD0095EA8C /* XCTest.framework in Frameworks */ = {isa = PBXBuildFile; fileRef = E9001816180318BD0095EA8C /* XCTest.framework */; };
		E9001818180318BD0095EA8C /* Foundation.framework in Frameworks */ = {isa = PBXBuildFile; fileRef = E90017F7180318BD0095EA8C /* Foundation.framework */; };
		E9001819180318BD0095EA8C /* UIKit.framework in Frameworks */ = {isa = PBXBuildFile; fileRef = E90017FB180318BD0095EA8C /* UIKit.framework */; };
		E9001821180318BD0095EA8C /* InfoPlist.strings in Resources */ = {isa = PBXBuildFile; fileRef = E900181F180318BD0095EA8C /* InfoPlist.strings */; };
		E9001823180318BD0095EA8C /* ContabilizadorTests.m in Sources */ = {isa = PBXBuildFile; fileRef = E9001822180318BD0095EA8C /* ContabilizadorTests.m */; };
/* End PBXBuildFile section */

/* Begin PBXContainerItemProxy section */
		E900181A180318BD0095EA8C /* PBXContainerItemProxy */ = {
			isa = PBXContainerItemProxy;
			containerPortal = E90017EC180318BD0095EA8C /* Project object */;
			proxyType = 1;
			remoteGlobalIDString = E90017F3180318BD0095EA8C;
			remoteInfo = Contabilizador;
		};
/* End PBXContainerItemProxy section */

/* Begin PBXFileReference section */
		E90017F4180318BD0095EA8C /* Contabilizador.app */ = {isa = PBXFileReference; explicitFileType = wrapper.application; includeInIndex = 0; path = Contabilizador.app; sourceTree = BUILT_PRODUCTS_DIR; };
		E90017F7180318BD0095EA8C /* Foundation.framework */ = {isa = PBXFileReference; lastKnownFileType = wrapper.framework; name = Foundation.framework; path = System/Library/Frameworks/Foundation.framework; sourceTree = SDKROOT; };
		E90017F9180318BD0095EA8C /* CoreGraphics.framework */ = {isa = PBXFileReference; lastKnownFileType = wrapper.framework; name = CoreGraphics.framework; path = System/Library/Frameworks/CoreGraphics.framework; sourceTree = SDKROOT; };
		E90017FB180318BD0095EA8C /* UIKit.framework */ = {isa = PBXFileReference; lastKnownFileType = wrapper.framework; name = UIKit.framework; path = System/Library/Frameworks/UIKit.framework; sourceTree = SDKROOT; };
		E90017FF180318BD0095EA8C /* Contabilizador-Info.plist */ = {isa = PBXFileReference; lastKnownFileType = text.plist.xml; path = "Contabilizador-Info.plist"; sourceTree = "<group>"; };
		E9001801180318BD0095EA8C /* en */ = {isa = PBXFileReference; lastKnownFileType = text.plist.strings; name = en; path = en.lproj/InfoPlist.strings; sourceTree = "<group>"; };
		E9001803180318BD0095EA8C /* main.m */ = {isa = PBXFileReference; lastKnownFileType = sourcecode.c.objc; path = main.m; sourceTree = "<group>"; };
		E9001805180318BD0095EA8C /* Contabilizador-Prefix.pch */ = {isa = PBXFileReference; lastKnownFileType = sourcecode.c.h; path = "Contabilizador-Prefix.pch"; sourceTree = "<group>"; };
		E9001806180318BD0095EA8C /* AppDelegate.h */ = {isa = PBXFileReference; lastKnownFileType = sourcecode.c.h; path = AppDelegate.h; sourceTree = "<group>"; };
		E9001807180318BD0095EA8C /* AppDelegate.m */ = {isa = PBXFileReference; lastKnownFileType = sourcecode.c.objc; path = AppDelegate.m; sourceTree = "<group>"; };
		E900180A180318BD0095EA8C /* Base */ = {isa = PBXFileReference; lastKnownFileType = file.storyboard; name = Base; path = Base.lproj/Main.storyboard; sourceTree = "<group>"; };
		E900180C180318BD0095EA8C /* ViewController.h */ = {isa = PBXFileReference; lastKnownFileType = sourcecode.c.h; path = ViewController.h; sourceTree = "<group>"; };
		E900180D180318BD0095EA8C /* ViewController.m */ = {isa = PBXFileReference; lastKnownFileType = sourcecode.c.objc; path = ViewController.m; sourceTree = "<group>"; };
		E900180F180318BD0095EA8C /* Images.xcassets */ = {isa = PBXFileReference; lastKnownFileType = folder.assetcatalog; path = Images.xcassets; sourceTree = "<group>"; };
		E9001815180318BD0095EA8C /* ContabilizadorTests.xctest */ = {isa = PBXFileReference; explicitFileType = wrapper.cfbundle; includeInIndex = 0; path = ContabilizadorTests.xctest; sourceTree = BUILT_PRODUCTS_DIR; };
		E9001816180318BD0095EA8C /* XCTest.framework */ = {isa = PBXFileReference; lastKnownFileType = wrapper.framework; name = XCTest.framework; path = Library/Frameworks/XCTest.framework; sourceTree = DEVELOPER_DIR; };
		E900181E180318BD0095EA8C /* ContabilizadorTests-Info.plist */ = {isa = PBXFileReference; lastKnownFileType = text.plist.xml; path = "ContabilizadorTests-Info.plist"; sourceTree = "<group>"; };
		E9001820180318BD0095EA8C /* en */ = {isa = PBXFileReference; lastKnownFileType = text.plist.strings; name = en; path = en.lproj/InfoPlist.strings; sourceTree = "<group>"; };
		E9001822180318BD0095EA8C /* ContabilizadorTests.m */ = {isa = PBXFileReference; lastKnownFileType = sourcecode.c.objc; path = ContabilizadorTests.m; sourceTree = "<group>"; };
/* End PBXFileReference section */

/* Begin PBXFrameworksBuildPhase section */
		E90017F1180318BD0095EA8C /* Frameworks */ = {
			isa = PBXFrameworksBuildPhase;
			buildActionMask = 2147483647;
			files = (
				E90017FA180318BD0095EA8C /* CoreGraphics.framework in Frameworks */,
				E90017FC180318BD0095EA8C /* UIKit.framework in Frameworks */,
				E90017F8180318BD0095EA8C /* Foundation.framework in Frameworks */,
			);
			runOnlyForDeploymentPostprocessing = 0;
		};
		E9001812180318BD0095EA8C /* Frameworks */ = {
			isa = PBXFrameworksBuildPhase;
			buildActionMask = 2147483647;
			files = (
				E9001817180318BD0095EA8C /* XCTest.framework in Frameworks */,
				E9001819180318BD0095EA8C /* UIKit.framework in Frameworks */,
				E9001818180318BD0095EA8C /* Foundation.framework in Frameworks */,
			);
			runOnlyForDeploymentPostprocessing = 0;
		};
/* End PBXFrameworksBuildPhase section */

/* Begin PBXGroup section */
		E90017EB180318BD0095EA8C = {
			isa = PBXGroup;
			children = (
				E90017FD180318BD0095EA8C /* Contabilizador */,
				E900181C180318BD0095EA8C /* ContabilizadorTests */,
				E90017F6180318BD0095EA8C /* Frameworks */,
				E90017F5180318BD0095EA8C /* Products */,
			);
			sourceTree = "<group>";
		};
		E90017F5180318BD0095EA8C /* Products */ = {
			isa = PBXGroup;
			children = (
				E90017F4180318BD0095EA8C /* Contabilizador.app */,
				E9001815180318BD0095EA8C /* ContabilizadorTests.xctest */,
			);
			name = Products;
			sourceTree = "<group>";
		};
		E90017F6180318BD0095EA8C /* Frameworks */ = {
			isa = PBXGroup;
			children = (
				E90017F7180318BD0095EA8C /* Foundation.framework */,
				E90017F9180318BD0095EA8C /* CoreGraphics.framework */,
				E90017FB180318BD0095EA8C /* UIKit.framework */,
				E9001816180318BD0095EA8C /* XCTest.framework */,
			);
			name = Frameworks;
			sourceTree = "<group>";
		};
		E90017FD180318BD0095EA8C /* Contabilizador */ = {
			isa = PBXGroup;
			children = (
				E9001806180318BD0095EA8C /* AppDelegate.h */,
				E9001807180318BD0095EA8C /* AppDelegate.m */,
				E9001809180318BD0095EA8C /* Main.storyboard */,
				E900180C180318BD0095EA8C /* ViewController.h */,
				E900180D180318BD0095EA8C /* ViewController.m */,
				E900180F180318BD0095EA8C /* Images.xcassets */,
				E90017FE180318BD0095EA8C /* Supporting Files */,
			);
			path = Contabilizador;
			sourceTree = "<group>";
		};
		E90017FE180318BD0095EA8C /* Supporting Files */ = {
			isa = PBXGroup;
			children = (
				E90017FF180318BD0095EA8C /* Contabilizador-Info.plist */,
				E9001800180318BD0095EA8C /* InfoPlist.strings */,
				E9001803180318BD0095EA8C /* main.m */,
				E9001805180318BD0095EA8C /* Contabilizador-Prefix.pch */,
			);
			name = "Supporting Files";
			sourceTree = "<group>";
		};
		E900181C180318BD0095EA8C /* ContabilizadorTests */ = {
			isa = PBXGroup;
			children = (
				E9001822180318BD0095EA8C /* ContabilizadorTests.m */,
				E900181D180318BD0095EA8C /* Supporting Files */,
			);
			path = ContabilizadorTests;
			sourceTree = "<group>";
		};
		E900181D180318BD0095EA8C /* Supporting Files */ = {
			isa = PBXGroup;
			children = (
				E900181E180318BD0095EA8C /* ContabilizadorTests-Info.plist */,
				E900181F180318BD0095EA8C /* InfoPlist.strings */,
			);
			name = "Supporting Files";
			sourceTree = "<group>";
		};
/* End PBXGroup section */

/* Begin PBXNativeTarget section */
		E90017F3180318BD0095EA8C /* Contabilizador */ = {
			isa = PBXNativeTarget;
			buildConfigurationList = E9001826180318BD0095EA8C /* Build configuration list for PBXNativeTarget "Contabilizador" */;
			buildPhases = (
				E90017F0180318BD0095EA8C /* Sources */,
				E90017F1180318BD0095EA8C /* Frameworks */,
				E90017F2180318BD0095EA8C /* Resources */,
			);
			buildRules = (
			);
			dependencies = (
			);
			name = Contabilizador;
			productName = Contabilizador;
			productReference = E90017F4180318BD0095EA8C /* Contabilizador.app */;
			productType = "com.apple.product-type.application";
		};
		E9001814180318BD0095EA8C /* ContabilizadorTests */ = {
			isa = PBXNativeTarget;
			buildConfigurationList = E9001829180318BD0095EA8C /* Build configuration list for PBXNativeTarget "ContabilizadorTests" */;
			buildPhases = (
				E9001811180318BD0095EA8C /* Sources */,
				E9001812180318BD0095EA8C /* Frameworks */,
				E9001813180318BD0095EA8C /* Resources */,
			);
			buildRules = (
			);
			dependencies = (
				E900181B180318BD0095EA8C /* PBXTargetDependency */,
			);
			name = ContabilizadorTests;
			productName = ContabilizadorTests;
			productReference = E9001815180318BD0095EA8C /* ContabilizadorTests.xctest */;
			productType = "com.apple.product-type.bundle.unit-test";
		};
/* End PBXNativeTarget section */

/* Begin PBXProject section */
		E90017EC180318BD0095EA8C /* Project object */ = {
			isa = PBXProject;
			attributes = {
				LastUpgradeCheck = 0500;
				ORGANIZATIONNAME = "J. Carlos C.S";
				TargetAttributes = {
					E9001814180318BD0095EA8C = {
						TestTargetID = E90017F3180318BD0095EA8C;
					};
				};
			};
			buildConfigurationList = E90017EF180318BD0095EA8C /* Build configuration list for PBXProject "Contabilizador" */;
			compatibilityVersion = "Xcode 3.2";
			developmentRegion = English;
			hasScannedForEncodings = 0;
			knownRegions = (
				en,
				Base,
			);
			mainGroup = E90017EB180318BD0095EA8C;
			productRefGroup = E90017F5180318BD0095EA8C /* Products */;
			projectDirPath = "";
			projectRoot = "";
			targets = (
				E90017F3180318BD0095EA8C /* Contabilizador */,
				E9001814180318BD0095EA8C /* ContabilizadorTests */,
			);
		};
/* End PBXProject section */

/* Begin PBXResourcesBuildPhase section */
		E90017F2180318BD0095EA8C /* Resources */ = {
			isa = PBXResourcesBuildPhase;
			buildActionMask = 2147483647;
			files = (
				E9001810180318BD0095EA8C /* Images.xcassets in Resources */,
				E9001802180318BD0095EA8C /* InfoPlist.strings in Resources */,
				E900180B180318BD0095EA8C /* Main.storyboard in Resources */,
			);
			runOnlyForDeploymentPostprocessing = 0;
		};
		E9001813180318BD0095EA8C /* Resources */ = {
			isa = PBXResourcesBuildPhase;
			buildActionMask = 2147483647;
			files = (
				E9001821180318BD0095EA8C /* InfoPlist.strings in Resources */,
			);
			runOnlyForDeploymentPostprocessing = 0;
		};
/* End PBXResourcesBuildPhase section */

/* Begin PBXSourcesBuildPhase section */
		E90017F0180318BD0095EA8C /* Sources */ = {
			isa = PBXSourcesBuildPhase;
			buildActionMask = 2147483647;
			files = (
				E900180E180318BD0095EA8C /* ViewController.m in Sources */,
				E9001808180318BD0095EA8C /* AppDelegate.m in Sources */,
				E9001804180318BD0095EA8C /* main.m in Sources */,
			);
			runOnlyForDeploymentPostprocessing = 0;
		};
		E9001811180318BD0095EA8C /* Sources */ = {
			isa = PBXSourcesBuildPhase;
			buildActionMask = 2147483647;
			files = (
				E9001823180318BD0095EA8C /* ContabilizadorTests.m in Sources */,
			);
			runOnlyForDeploymentPostprocessing = 0;
		};
/* End PBXSourcesBuildPhase section */

/* Begin PBXTargetDependency section */
		E900181B180318BD0095EA8C /* PBXTargetDependency */ = {
			isa = PBXTargetDependency;
			target = E90017F3180318BD0095EA8C /* Contabilizador */;
			targetProxy = E900181A180318BD0095EA8C /* PBXContainerItemProxy */;
		};
/* End PBXTargetDependency section */

/* Begin PBXVariantGroup section */
		E9001800180318BD0095EA8C /* InfoPlist.strings */ = {
			isa = PBXVariantGroup;
			children = (
				E9001801180318BD0095EA8C /* en */,
			);
			name = InfoPlist.strings;
			sourceTree = "<group>";
		};
		E9001809180318BD0095EA8C /* Main.storyboard */ = {
			isa = PBXVariantGroup;
			children = (
				E900180A180318BD0095EA8C /* Base */,
			);
			name = Main.storyboard;
			sourceTree = "<group>";
		};
		E900181F180318BD0095EA8C /* InfoPlist.strings */ = {
			isa = PBXVariantGroup;
			children = (
				E9001820180318BD0095EA8C /* en */,
			);
			name = InfoPlist.strings;
			sourceTree = "<group>";
		};
/* End PBXVariantGroup section */

/* Begin XCBuildConfiguration section */
		E9001824180318BD0095EA8C /* Debug */ = {
			isa = XCBuildConfiguration;
			buildSettings = {
				ALWAYS_SEARCH_USER_PATHS = NO;
				ARCHS = "$(ARCHS_STANDARD_INCLUDING_64_BIT)";
				CLANG_CXX_LANGUAGE_STANDARD = "gnu++0x";
				CLANG_CXX_LIBRARY = "libc++";
				CLANG_ENABLE_MODULES = YES;
				CLANG_ENABLE_OBJC_ARC = YES;
				CLANG_WARN_BOOL_CONVERSION = YES;
				CLANG_WARN_CONSTANT_CONVERSION = YES;
				CLANG_WARN_DIRECT_OBJC_ISA_USAGE = YES_ERROR;
				CLANG_WARN_EMPTY_BODY = YES;
				CLANG_WARN_ENUM_CONVERSION = YES;
				CLANG_WARN_INT_CONVERSION = YES;
				CLANG_WARN_OBJC_ROOT_CLASS = YES_ERROR;
				CLANG_WARN__DUPLICATE_METHOD_MATCH = YES;
				"CODE_SIGN_IDENTITY[sdk=iphoneos*]" = "iPhone Developer";
				COPY_PHASE_STRIP = NO;
				GCC_C_LANGUAGE_STANDARD = gnu99;
				GCC_DYNAMIC_NO_PIC = NO;
				GCC_OPTIMIZATION_LEVEL = 0;
				GCC_PREPROCESSOR_DEFINITIONS = (
					"DEBUG=1",
					"$(inherited)",
				);
				GCC_SYMBOLS_PRIVATE_EXTERN = NO;
				GCC_WARN_64_TO_32_BIT_CONVERSION = YES;
				GCC_WARN_ABOUT_RETURN_TYPE = YES_ERROR;
				GCC_WARN_UNDECLARED_SELECTOR = YES;
				GCC_WARN_UNINITIALIZED_AUTOS = YES;
				GCC_WARN_UNUSED_FUNCTION = YES;
				GCC_WARN_UNUSED_VARIABLE = YES;
				IPHONEOS_DEPLOYMENT_TARGET = 7.0;
				ONLY_ACTIVE_ARCH = YES;
				SDKROOT = iphoneos;
			};
			name = Debug;
		};
		E9001825180318BD0095EA8C /* Release */ = {
			isa = XCBuildConfiguration;
			buildSettings = {
				ALWAYS_SEARCH_USER_PATHS = NO;
				ARCHS = "$(ARCHS_STANDARD_INCLUDING_64_BIT)";
				CLANG_CXX_LANGUAGE_STANDARD = "gnu++0x";
				CLANG_CXX_LIBRARY = "libc++";
				CLANG_ENABLE_MODULES = YES;
				CLANG_ENABLE_OBJC_ARC = YES;
				CLANG_WARN_BOOL_CONVERSION = YES;
				CLANG_WARN_CONSTANT_CONVERSION = YES;
				CLANG_WARN_DIRECT_OBJC_ISA_USAGE = YES_ERROR;
				CLANG_WARN_EMPTY_BODY = YES;
				CLANG_WARN_ENUM_CONVERSION = YES;
				CLANG_WARN_INT_CONVERSION = YES;
				CLANG_WARN_OBJC_ROOT_CLASS = YES_ERROR;
				CLANG_WARN__DUPLICATE_METHOD_MATCH = YES;
				"CODE_SIGN_IDENTITY[sdk=iphoneos*]" = "iPhone Developer";
				COPY_PHASE_STRIP = YES;
				ENABLE_NS_ASSERTIONS = NO;
				GCC_C_LANGUAGE_STANDARD = gnu99;
				GCC_WARN_64_TO_32_BIT_CONVERSION = YES;
				GCC_WARN_ABOUT_RETURN_TYPE = YES_ERROR;
				GCC_WARN_UNDECLARED_SELECTOR = YES;
				GCC_WARN_UNINITIALIZED_AUTOS = YES;
				GCC_WARN_UNUSED_FUNCTION = YES;
				GCC_WARN_UNUSED_VARIABLE = YES;
				IPHONEOS_DEPLOYMENT_TARGET = 7.0;
				SDKROOT = iphoneos;
				VALIDATE_PRODUCT = YES;
			};
			name = Release;
		};
		E9001827180318BD0095EA8C /* Debug */ = {
			isa = XCBuildConfiguration;
			buildSettings = {
				ASSETCATALOG_COMPILER_APPICON_NAME = AppIcon;
				ASSETCATALOG_COMPILER_LAUNCHIMAGE_NAME = LaunchImage;
				GCC_PRECOMPILE_PREFIX_HEADER = YES;
				GCC_PREFIX_HEADER = "Contabilizador/Contabilizador-Prefix.pch";
				INFOPLIST_FILE = "Contabilizador/Contabilizador-Info.plist";
				PRODUCT_NAME = "$(TARGET_NAME)";
				WRAPPER_EXTENSION = app;
			};
			name = Debug;
		};
		E9001828180318BD0095EA8C /* Release */ = {
			isa = XCBuildConfiguration;
			buildSettings = {
				ASSETCATALOG_COMPILER_APPICON_NAME = AppIcon;
				ASSETCATALOG_COMPILER_LAUNCHIMAGE_NAME = LaunchImage;
				GCC_PRECOMPILE_PREFIX_HEADER = YES;
				GCC_PREFIX_HEADER = "Contabilizador/Contabilizador-Prefix.pch";
				INFOPLIST_FILE = "Contabilizador/Contabilizador-Info.plist";
				PRODUCT_NAME = "$(TARGET_NAME)";
				WRAPPER_EXTENSION = app;
			};
			name = Release;
		};
		E900182A180318BD0095EA8C /* Debug */ = {
			isa = XCBuildConfiguration;
			buildSettings = {
				ARCHS = "$(ARCHS_STANDARD_INCLUDING_64_BIT)";
				BUNDLE_LOADER = "$(BUILT_PRODUCTS_DIR)/Contabilizador.app/Contabilizador";
				FRAMEWORK_SEARCH_PATHS = (
					"$(SDKROOT)/Developer/Library/Frameworks",
					"$(inherited)",
					"$(DEVELOPER_FRAMEWORKS_DIR)",
				);
				GCC_PRECOMPILE_PREFIX_HEADER = YES;
				GCC_PREFIX_HEADER = "Contabilizador/Contabilizador-Prefix.pch";
				GCC_PREPROCESSOR_DEFINITIONS = (
					"DEBUG=1",
					"$(inherited)",
				);
				INFOPLIST_FILE = "ContabilizadorTests/ContabilizadorTests-Info.plist";
				PRODUCT_NAME = "$(TARGET_NAME)";
				TEST_HOST = "$(BUNDLE_LOADER)";
				WRAPPER_EXTENSION = xctest;
			};
			name = Debug;
		};
		E900182B180318BD0095EA8C /* Release */ = {
			isa = XCBuildConfiguration;
			buildSettings = {
				ARCHS = "$(ARCHS_STANDARD_INCLUDING_64_BIT)";
				BUNDLE_LOADER = "$(BUILT_PRODUCTS_DIR)/Contabilizador.app/Contabilizador";
				FRAMEWORK_SEARCH_PATHS = (
					"$(SDKROOT)/Developer/Library/Frameworks",
					"$(inherited)",
					"$(DEVELOPER_FRAMEWORKS_DIR)",
				);
				GCC_PRECOMPILE_PREFIX_HEADER = YES;
				GCC_PREFIX_HEADER = "Contabilizador/Contabilizador-Prefix.pch";
				INFOPLIST_FILE = "ContabilizadorTests/ContabilizadorTests-Info.plist";
				PRODUCT_NAME = "$(TARGET_NAME)";
				TEST_HOST = "$(BUNDLE_LOADER)";
				WRAPPER_EXTENSION = xctest;
			};
			name = Release;
		};
/* End XCBuildConfiguration section */

/* Begin XCConfigurationList section */
		E90017EF180318BD0095EA8C /* Build configuration list for PBXProject "Contabilizador" */ = {
			isa = XCConfigurationList;
			buildConfigurations = (
				E9001824180318BD0095EA8C /* Debug */,
				E9001825180318BD0095EA8C /* Release */,
			);
			defaultConfigurationIsVisible = 0;
			defaultConfigurationName = Release;
		};
		E9001826180318BD0095EA8C /* Build configuration list for PBXNativeTarget "Contabilizador" */ = {
			isa = XCConfigurationList;
			buildConfigurations = (
				E9001827180318BD0095EA8C /* Debug */,
				E9001828180318BD0095EA8C /* Release */,
			);
			defaultConfigurationIsVisible = 0;
		};
		E9001829180318BD0095EA8C /* Build configuration list for PBXNativeTarget "ContabilizadorTests" */ = {
			isa = XCConfigurationList;
			buildConfigurations = (
				E900182A180318BD0095EA8C /* Debug */,
				E900182B180318BD0095EA8C /* Release */,
			);
			defaultConfigurationIsVisible = 0;
		};
/* End XCConfigurationList section */
	};
	rootObject = E90017EC180318BD0095EA8C /* Project object */;
}
